{
    "_readme": [
        "This file locks the dependencies of your project to a known state",
        "Read more about it at https://getcomposer.org/doc/01-basic-usage.md#installing-dependencies",
        "This file is @generated automatically"
    ],
    "content-hash": "0fd64a401a39dfb747006460bb17b2ba",
    "packages": [
        {
            "name": "phpmyadmin/sql-parser",
            "version": "5.0.0",
            "source": {
                "type": "git",
                "url": "https://github.com/phpmyadmin/sql-parser.git",
                "reference": "538611d5336e1bd8aea30744dab43289334f1657"
            },
            "dist": {
                "type": "zip",
                "url": "https://api.github.com/repos/phpmyadmin/sql-parser/zipball/538611d5336e1bd8aea30744dab43289334f1657",
                "reference": "538611d5336e1bd8aea30744dab43289334f1657",
                "shasum": ""
            },
            "require": {
                "php": "^7.1",
                "symfony/polyfill-mbstring": "^1.3"
            },
            "conflict": {
                "phpmyadmin/motranslator": "<3.0"
            },
            "require-dev": {
                "phpmyadmin/coding-standard": "^1.0",
                "phpunit/php-code-coverage": "*",
                "phpunit/phpunit": "^7.4",
                "sami/sami": "^4.0"
            },
            "suggest": {
                "ext-mbstring": "For best performance",
                "phpmyadmin/motranslator": "Translate messages to your favorite locale"
            },
            "bin": [
                "bin/highlight-query",
                "bin/lint-query",
                "bin/tokenize-query"
            ],
            "type": "library",
            "autoload": {
                "psr-4": {
                    "PhpMyAdmin\\SqlParser\\": "src"
                }
            },
            "notification-url": "https://packagist.org/downloads/",
            "license": [
                "GPL-2.0-or-later"
            ],
            "authors": [
                {
                    "name": "The phpMyAdmin Team",
                    "email": "developers@phpmyadmin.net",
                    "homepage": "https://www.phpmyadmin.net/team/"
                }
            ],
            "description": "A validating SQL lexer and parser with a focus on MySQL dialect.",
            "homepage": "https://github.com/phpmyadmin/sql-parser",
            "keywords": [
                "analysis",
                "lexer",
                "parser",
                "sql"
            ],
            "time": "2019-05-10T00:57:14+00:00"
        },
        {
            "name": "symfony/finder",
            "version": "v4.3.3",
            "source": {
                "type": "git",
                "url": "https://github.com/symfony/finder.git",
                "reference": "9638d41e3729459860bb96f6247ccb61faaa45f2"
            },
            "dist": {
                "type": "zip",
                "url": "https://api.github.com/repos/symfony/finder/zipball/9638d41e3729459860bb96f6247ccb61faaa45f2",
                "reference": "9638d41e3729459860bb96f6247ccb61faaa45f2",
                "shasum": ""
            },
            "require": {
                "php": "^7.1.3"
            },
            "type": "library",
            "extra": {
                "branch-alias": {
                    "dev-master": "4.3-dev"
                }
            },
            "autoload": {
                "psr-4": {
                    "Symfony\\Component\\Finder\\": ""
                },
                "exclude-from-classmap": [
                    "/Tests/"
                ]
            },
            "notification-url": "https://packagist.org/downloads/",
            "license": [
                "MIT"
            ],
            "authors": [
                {
                    "name": "Fabien Potencier",
                    "email": "fabien@symfony.com"
                },
                {
                    "name": "Symfony Community",
                    "homepage": "https://symfony.com/contributors"
                }
            ],
            "description": "Symfony Finder Component",
            "homepage": "https://symfony.com",
            "time": "2019-06-28T13:16:30+00:00"
        },
        {
            "name": "symfony/polyfill-mbstring",
            "version": "v1.11.0",
            "source": {
                "type": "git",
                "url": "https://github.com/symfony/polyfill-mbstring.git",
                "reference": "fe5e94c604826c35a32fa832f35bd036b6799609"
            },
            "dist": {
                "type": "zip",
                "url": "https://api.github.com/repos/symfony/polyfill-mbstring/zipball/fe5e94c604826c35a32fa832f35bd036b6799609",
                "reference": "fe5e94c604826c35a32fa832f35bd036b6799609",
                "shasum": ""
            },
            "require": {
                "php": ">=5.3.3"
            },
            "suggest": {
                "ext-mbstring": "For best performance"
            },
            "type": "library",
            "extra": {
                "branch-alias": {
                    "dev-master": "1.11-dev"
                }
            },
            "autoload": {
                "psr-4": {
                    "Symfony\\Polyfill\\Mbstring\\": ""
                },
                "files": [
                    "bootstrap.php"
                ]
            },
            "notification-url": "https://packagist.org/downloads/",
            "license": [
                "MIT"
            ],
            "authors": [
                {
                    "name": "Nicolas Grekas",
                    "email": "p@tchwork.com"
                },
                {
                    "name": "Symfony Community",
                    "homepage": "https://symfony.com/contributors"
                }
            ],
            "description": "Symfony polyfill for the Mbstring extension",
            "homepage": "https://symfony.com",
            "keywords": [
                "compatibility",
                "mbstring",
                "polyfill",
                "portable",
                "shim"
            ],
            "time": "2019-02-06T07:57:58+00:00"
        }
    ],
    "packages-dev": [],
    "aliases": [],
    "minimum-stability": "stable",
    "stability-flags": [],
    "prefer-stable": false,
    "prefer-lowest": false,
    "platform": [],
    "platform-dev": []
}
